// !$*UTF8*$!
{
	archiveVersion = 1;
	classes = {
	};
	objectVersion = 60;
	objects = {

/* Begin PBXBuildFile section */
		22179B202BFD345B00FF0417 /* CustomPointAnnotation.swift in Sources */ = {isa = PBXBuildFile; fileRef = 22179B1C2BFD345B00FF0417 /* CustomPointAnnotation.swift */; };
		22179B252BFD3E4F00FF0417 /* MapViewDetail.swift in Sources */ = {isa = PBXBuildFile; fileRef = 22179B242BFD3E4F00FF0417 /* MapViewDetail.swift */; };
		22179B272BFD43A800FF0417 /* UIImage+Extension.swift in Sources */ = {isa = PBXBuildFile; fileRef = 22179B262BFD43A800FF0417 /* UIImage+Extension.swift */; };
		222FA2DA2BFB85E900686FAE /* Launch Screen.storyboard in Resources */ = {isa = PBXBuildFile; fileRef = 222FA2D92BFB85E900686FAE /* Launch Screen.storyboard */; };
		229DAE0B2B952DCF0018FCB4 /* historic_city_toursApp.swift in Sources */ = {isa = PBXBuildFile; fileRef = 229DAE0A2B952DCF0018FCB4 /* historic_city_toursApp.swift */; };
		229DAE0D2B952DCF0018FCB4 /* ContentView.swift in Sources */ = {isa = PBXBuildFile; fileRef = 229DAE0C2B952DCF0018FCB4 /* ContentView.swift */; };
		229DAE0F2B952DD00018FCB4 /* Assets.xcassets in Resources */ = {isa = PBXBuildFile; fileRef = 229DAE0E2B952DD00018FCB4 /* Assets.xcassets */; };
		229DAE122B952DD00018FCB4 /* Preview Assets.xcassets in Resources */ = {isa = PBXBuildFile; fileRef = 229DAE112B952DD00018FCB4 /* Preview Assets.xcassets */; };
		229DAE1C2B952E940018FCB4 /* MapTab.swift in Sources */ = {isa = PBXBuildFile; fileRef = 229DAE1B2B952E940018FCB4 /* MapTab.swift */; };
		229DAE1E2B952ECA0018FCB4 /* MapView.swift in Sources */ = {isa = PBXBuildFile; fileRef = 229DAE1D2B952ECA0018FCB4 /* MapView.swift */; };
		22C548AC2BE8DC1B00DC1427 /* Location.gpx in Resources */ = {isa = PBXBuildFile; fileRef = 22C548AB2BE8DC1B00DC1427 /* Location.gpx */; };
		22C548BB2BE9047100DC1427 /* BrowseTab.swift in Sources */ = {isa = PBXBuildFile; fileRef = 22C548BA2BE9047100DC1427 /* BrowseTab.swift */; };
		22C548BE2BE9051800DC1427 /* MultimediaObjectData.swift in Sources */ = {isa = PBXBuildFile; fileRef = 22C548BD2BE9051800DC1427 /* MultimediaObjectData.swift */; };
		22C548C12BE9080500DC1427 /* LocationManagerModel.swift in Sources */ = {isa = PBXBuildFile; fileRef = 22C548BF2BE9080500DC1427 /* LocationManagerModel.swift */; };
		22C548C22BE9080500DC1427 /* SettingsModel.swift in Sources */ = {isa = PBXBuildFile; fileRef = 22C548C02BE9080500DC1427 /* SettingsModel.swift */; };
		22C548CB2BE91CA300DC1427 /* TourDetailView.swift in Sources */ = {isa = PBXBuildFile; fileRef = 22C548CA2BE91CA300DC1427 /* TourDetailView.swift */; };
		22C548CD2BE92B0900DC1427 /* MultimediaObjectDetailView.swift in Sources */ = {isa = PBXBuildFile; fileRef = 22C548CC2BE92B0900DC1427 /* MultimediaObjectDetailView.swift */; };
		22FB1B8B2BFB67D5006D94F2 /* Color+Extension.swift in Sources */ = {isa = PBXBuildFile; fileRef = 22FB1B8A2BFB67D5006D94F2 /* Color+Extension.swift */; };
		22FB1B8E2BFB6FD1006D94F2 /* OpenAPIClient in Frameworks */ = {isa = PBXBuildFile; productRef = 22FB1B8D2BFB6FD1006D94F2 /* OpenAPIClient */; };
/* End PBXBuildFile section */

/* Begin PBXFileReference section */
		22179B1C2BFD345B00FF0417 /* CustomPointAnnotation.swift */ = {isa = PBXFileReference; fileEncoding = 4; lastKnownFileType = sourcecode.swift; path = CustomPointAnnotation.swift; sourceTree = "<group>"; };
		22179B242BFD3E4F00FF0417 /* MapViewDetail.swift */ = {isa = PBXFileReference; lastKnownFileType = sourcecode.swift; path = MapViewDetail.swift; sourceTree = "<group>"; };
		22179B262BFD43A800FF0417 /* UIImage+Extension.swift */ = {isa = PBXFileReference; fileEncoding = 4; lastKnownFileType = sourcecode.swift; path = "UIImage+Extension.swift"; sourceTree = "<group>"; };
		222FA2D92BFB85E900686FAE /* Launch Screen.storyboard */ = {isa = PBXFileReference; lastKnownFileType = file.storyboard; path = "Launch Screen.storyboard"; sourceTree = "<group>"; };
		229DAE072B952DCF0018FCB4 /* historic city tours.app */ = {isa = PBXFileReference; explicitFileType = wrapper.application; includeInIndex = 0; path = "historic city tours.app"; sourceTree = BUILT_PRODUCTS_DIR; };
		229DAE0A2B952DCF0018FCB4 /* historic_city_toursApp.swift */ = {isa = PBXFileReference; lastKnownFileType = sourcecode.swift; path = historic_city_toursApp.swift; sourceTree = "<group>"; };
		229DAE0C2B952DCF0018FCB4 /* ContentView.swift */ = {isa = PBXFileReference; lastKnownFileType = sourcecode.swift; path = ContentView.swift; sourceTree = "<group>"; };
		229DAE0E2B952DD00018FCB4 /* Assets.xcassets */ = {isa = PBXFileReference; lastKnownFileType = folder.assetcatalog; path = Assets.xcassets; sourceTree = "<group>"; };
		229DAE112B952DD00018FCB4 /* Preview Assets.xcassets */ = {isa = PBXFileReference; lastKnownFileType = folder.assetcatalog; path = "Preview Assets.xcassets"; sourceTree = "<group>"; };
		229DAE1B2B952E940018FCB4 /* MapTab.swift */ = {isa = PBXFileReference; lastKnownFileType = sourcecode.swift; path = MapTab.swift; sourceTree = "<group>"; };
		229DAE1D2B952ECA0018FCB4 /* MapView.swift */ = {isa = PBXFileReference; lastKnownFileType = sourcecode.swift; path = MapView.swift; sourceTree = "<group>"; };
		22C548AB2BE8DC1B00DC1427 /* Location.gpx */ = {isa = PBXFileReference; fileEncoding = 4; lastKnownFileType = text.xml; path = Location.gpx; sourceTree = SOURCE_ROOT; };
		22C548B52BE8E10000DC1427 /* historic-city-tours-Info.plist */ = {isa = PBXFileReference; lastKnownFileType = text.plist; path = "historic-city-tours-Info.plist"; sourceTree = SOURCE_ROOT; };
		22C548BA2BE9047100DC1427 /* BrowseTab.swift */ = {isa = PBXFileReference; lastKnownFileType = sourcecode.swift; path = BrowseTab.swift; sourceTree = "<group>"; };
		22C548BD2BE9051800DC1427 /* MultimediaObjectData.swift */ = {isa = PBXFileReference; lastKnownFileType = sourcecode.swift; path = MultimediaObjectData.swift; sourceTree = "<group>"; };
		22C548BF2BE9080500DC1427 /* LocationManagerModel.swift */ = {isa = PBXFileReference; fileEncoding = 4; lastKnownFileType = sourcecode.swift; path = LocationManagerModel.swift; sourceTree = "<group>"; };
		22C548C02BE9080500DC1427 /* SettingsModel.swift */ = {isa = PBXFileReference; fileEncoding = 4; lastKnownFileType = sourcecode.swift; path = SettingsModel.swift; sourceTree = "<group>"; };
		22C548CA2BE91CA300DC1427 /* TourDetailView.swift */ = {isa = PBXFileReference; lastKnownFileType = sourcecode.swift; path = TourDetailView.swift; sourceTree = "<group>"; };
		22C548CC2BE92B0900DC1427 /* MultimediaObjectDetailView.swift */ = {isa = PBXFileReference; lastKnownFileType = sourcecode.swift; path = MultimediaObjectDetailView.swift; sourceTree = "<group>"; };
		22FB1B8A2BFB67D5006D94F2 /* Color+Extension.swift */ = {isa = PBXFileReference; lastKnownFileType = sourcecode.swift; path = "Color+Extension.swift"; sourceTree = "<group>"; };
/* End PBXFileReference section */

/* Begin PBXFrameworksBuildPhase section */
		229DAE042B952DCF0018FCB4 /* Frameworks */ = {
			isa = PBXFrameworksBuildPhase;
			buildActionMask = 2147483647;
			files = (
				22FB1B8E2BFB6FD1006D94F2 /* OpenAPIClient in Frameworks */,
			);
			runOnlyForDeploymentPostprocessing = 0;
		};
/* End PBXFrameworksBuildPhase section */

/* Begin PBXGroup section */
		22179B1E2BFD345B00FF0417 /* Annotations */ = {
			isa = PBXGroup;
			children = (
				22179B262BFD43A800FF0417 /* UIImage+Extension.swift */,
				22179B1C2BFD345B00FF0417 /* CustomPointAnnotation.swift */,
			);
			path = Annotations;
			sourceTree = "<group>";
		};
		229DADFE2B952DCF0018FCB4 = {
			isa = PBXGroup;
			children = (
				222FA2D92BFB85E900686FAE /* Launch Screen.storyboard */,
				22C548AB2BE8DC1B00DC1427 /* Location.gpx */,
				229DAE092B952DCF0018FCB4 /* historic city tours */,
				229DAE082B952DCF0018FCB4 /* Products */,
				22C548B12BE8DFA500DC1427 /* Frameworks */,
			);
			sourceTree = "<group>";
		};
		229DAE082B952DCF0018FCB4 /* Products */ = {
			isa = PBXGroup;
			children = (
				229DAE072B952DCF0018FCB4 /* historic city tours.app */,
			);
			name = Products;
			sourceTree = "<group>";
		};
		229DAE092B952DCF0018FCB4 /* historic city tours */ = {
			isa = PBXGroup;
			children = (
				22C548B52BE8E10000DC1427 /* historic-city-tours-Info.plist */,
				229DAE0A2B952DCF0018FCB4 /* historic_city_toursApp.swift */,
				229DAE0C2B952DCF0018FCB4 /* ContentView.swift */,
				22C548BC2BE9050200DC1427 /* Model */,
				229DAE182B952E3B0018FCB4 /* Views */,
				229DAE0E2B952DD00018FCB4 /* Assets.xcassets */,
				229DAE102B952DD00018FCB4 /* Preview Content */,
				22FB1B8A2BFB67D5006D94F2 /* Color+Extension.swift */,
			);
			path = "historic city tours";
			sourceTree = "<group>";
		};
		229DAE102B952DD00018FCB4 /* Preview Content */ = {
			isa = PBXGroup;
			children = (
				229DAE112B952DD00018FCB4 /* Preview Assets.xcassets */,
			);
			path = "Preview Content";
			sourceTree = "<group>";
		};
		229DAE182B952E3B0018FCB4 /* Views */ = {
			isa = PBXGroup;
			children = (
				22C548B92BE9045100DC1427 /* Browse */,
				229DAE192B952E430018FCB4 /* Home */,
				229DAE1A2B952E540018FCB4 /* AR */,
			);
			path = Views;
			sourceTree = "<group>";
		};
		229DAE192B952E430018FCB4 /* Home */ = {
			isa = PBXGroup;
			children = (
				22179B1E2BFD345B00FF0417 /* Annotations */,
				229DAE1B2B952E940018FCB4 /* MapTab.swift */,
				229DAE1D2B952ECA0018FCB4 /* MapView.swift */,
			);
			path = Home;
			sourceTree = "<group>";
		};
		229DAE1A2B952E540018FCB4 /* AR */ = {
			isa = PBXGroup;
			children = (
			);
			path = AR;
			sourceTree = "<group>";
		};
		22C548B12BE8DFA500DC1427 /* Frameworks */ = {
			isa = PBXGroup;
			children = (
			);
			name = Frameworks;
			sourceTree = "<group>";
		};
		22C548B92BE9045100DC1427 /* Browse */ = {
			isa = PBXGroup;
			children = (
				22C548BA2BE9047100DC1427 /* BrowseTab.swift */,
				22C548CA2BE91CA300DC1427 /* TourDetailView.swift */,
				22C548CC2BE92B0900DC1427 /* MultimediaObjectDetailView.swift */,
				22179B242BFD3E4F00FF0417 /* MapViewDetail.swift */,
			);
			path = Browse;
			sourceTree = "<group>";
		};
		22C548BC2BE9050200DC1427 /* Model */ = {
			isa = PBXGroup;
			children = (
				22C548BF2BE9080500DC1427 /* LocationManagerModel.swift */,
				22C548C02BE9080500DC1427 /* SettingsModel.swift */,
				22C548BD2BE9051800DC1427 /* MultimediaObjectData.swift */,
			);
			path = Model;
			sourceTree = "<group>";
		};
/* End PBXGroup section */

/* Begin PBXNativeTarget section */
		229DAE062B952DCF0018FCB4 /* historic city tours */ = {
			isa = PBXNativeTarget;
			buildConfigurationList = 229DAE152B952DD00018FCB4 /* Build configuration list for PBXNativeTarget "historic city tours" */;
			buildPhases = (
				229DAE032B952DCF0018FCB4 /* Sources */,
				229DAE042B952DCF0018FCB4 /* Frameworks */,
				229DAE052B952DCF0018FCB4 /* Resources */,
			);
			buildRules = (
			);
			dependencies = (
			);
			name = "historic city tours";
			packageProductDependencies = (
				22FB1B8D2BFB6FD1006D94F2 /* OpenAPIClient */,
			);
			productName = "historic city tours";
			productReference = 229DAE072B952DCF0018FCB4 /* historic city tours.app */;
			productType = "com.apple.product-type.application";
		};
/* End PBXNativeTarget section */

/* Begin PBXProject section */
		229DADFF2B952DCF0018FCB4 /* Project object */ = {
			isa = PBXProject;
			attributes = {
				BuildIndependentTargetsInParallel = 1;
				LastSwiftUpdateCheck = 1520;
				LastUpgradeCheck = 1520;
				TargetAttributes = {
					229DAE062B952DCF0018FCB4 = {
						CreatedOnToolsVersion = 15.2;
					};
				};
			};
			buildConfigurationList = 229DAE022B952DCF0018FCB4 /* Build configuration list for PBXProject "historic city tours" */;
			compatibilityVersion = "Xcode 14.0";
			developmentRegion = en;
			hasScannedForEncodings = 0;
			knownRegions = (
				en,
				Base,
			);
			mainGroup = 229DADFE2B952DCF0018FCB4;
			packageReferences = (
				22FB1B8C2BFB6FD1006D94F2 /* XCLocalSwiftPackageReference "OpenAPIClient" */,
			);
			productRefGroup = 229DAE082B952DCF0018FCB4 /* Products */;
			projectDirPath = "";
			projectRoot = "";
			targets = (
				229DAE062B952DCF0018FCB4 /* historic city tours */,
			);
		};
/* End PBXProject section */

/* Begin PBXResourcesBuildPhase section */
		229DAE052B952DCF0018FCB4 /* Resources */ = {
			isa = PBXResourcesBuildPhase;
			buildActionMask = 2147483647;
			files = (
				229DAE122B952DD00018FCB4 /* Preview Assets.xcassets in Resources */,
				22C548AC2BE8DC1B00DC1427 /* Location.gpx in Resources */,
				222FA2DA2BFB85E900686FAE /* Launch Screen.storyboard in Resources */,
				229DAE0F2B952DD00018FCB4 /* Assets.xcassets in Resources */,
			);
			runOnlyForDeploymentPostprocessing = 0;
		};
/* End PBXResourcesBuildPhase section */

/* Begin PBXSourcesBuildPhase section */
		229DAE032B952DCF0018FCB4 /* Sources */ = {
			isa = PBXSourcesBuildPhase;
			buildActionMask = 2147483647;
			files = (
				22179B202BFD345B00FF0417 /* CustomPointAnnotation.swift in Sources */,
				22C548CD2BE92B0900DC1427 /* MultimediaObjectDetailView.swift in Sources */,
				22C548C22BE9080500DC1427 /* SettingsModel.swift in Sources */,
				229DAE0D2B952DCF0018FCB4 /* ContentView.swift in Sources */,
				229DAE1E2B952ECA0018FCB4 /* MapView.swift in Sources */,
				22C548BB2BE9047100DC1427 /* BrowseTab.swift in Sources */,
				22C548BE2BE9051800DC1427 /* MultimediaObjectData.swift in Sources */,
				22C548CB2BE91CA300DC1427 /* TourDetailView.swift in Sources */,
				22C548C12BE9080500DC1427 /* LocationManagerModel.swift in Sources */,
				22179B252BFD3E4F00FF0417 /* MapViewDetail.swift in Sources */,
				22179B272BFD43A800FF0417 /* UIImage+Extension.swift in Sources */,
				229DAE1C2B952E940018FCB4 /* MapTab.swift in Sources */,
				22FB1B8B2BFB67D5006D94F2 /* Color+Extension.swift in Sources */,
				229DAE0B2B952DCF0018FCB4 /* historic_city_toursApp.swift in Sources */,
			);
			runOnlyForDeploymentPostprocessing = 0;
		};
/* End PBXSourcesBuildPhase section */

/* Begin XCBuildConfiguration section */
		229DAE132B952DD00018FCB4 /* Debug */ = {
			isa = XCBuildConfiguration;
			buildSettings = {
				ALWAYS_SEARCH_USER_PATHS = NO;
				ASSETCATALOG_COMPILER_GENERATE_SWIFT_ASSET_SYMBOL_EXTENSIONS = YES;
				CLANG_ANALYZER_NONNULL = YES;
				CLANG_ANALYZER_NUMBER_OBJECT_CONVERSION = YES_AGGRESSIVE;
				CLANG_CXX_LANGUAGE_STANDARD = "gnu++20";
				CLANG_ENABLE_MODULES = YES;
				CLANG_ENABLE_OBJC_ARC = YES;
				CLANG_ENABLE_OBJC_WEAK = YES;
				CLANG_WARN_BLOCK_CAPTURE_AUTORELEASING = YES;
				CLANG_WARN_BOOL_CONVERSION = YES;
				CLANG_WARN_COMMA = YES;
				CLANG_WARN_CONSTANT_CONVERSION = YES;
				CLANG_WARN_DEPRECATED_OBJC_IMPLEMENTATIONS = YES;
				CLANG_WARN_DIRECT_OBJC_ISA_USAGE = YES_ERROR;
				CLANG_WARN_DOCUMENTATION_COMMENTS = YES;
				CLANG_WARN_EMPTY_BODY = YES;
				CLANG_WARN_ENUM_CONVERSION = YES;
				CLANG_WARN_INFINITE_RECURSION = YES;
				CLANG_WARN_INT_CONVERSION = YES;
				CLANG_WARN_NON_LITERAL_NULL_CONVERSION = YES;
				CLANG_WARN_OBJC_IMPLICIT_RETAIN_SELF = YES;
				CLANG_WARN_OBJC_LITERAL_CONVERSION = YES;
				CLANG_WARN_OBJC_ROOT_CLASS = YES_ERROR;
				CLANG_WARN_QUOTED_INCLUDE_IN_FRAMEWORK_HEADER = YES;
				CLANG_WARN_RANGE_LOOP_ANALYSIS = YES;
				CLANG_WARN_STRICT_PROTOTYPES = YES;
				CLANG_WARN_SUSPICIOUS_MOVE = YES;
				CLANG_WARN_UNGUARDED_AVAILABILITY = YES_AGGRESSIVE;
				CLANG_WARN_UNREACHABLE_CODE = YES;
				CLANG_WARN__DUPLICATE_METHOD_MATCH = YES;
				COPY_PHASE_STRIP = NO;
				DEBUG_INFORMATION_FORMAT = dwarf;
				ENABLE_STRICT_OBJC_MSGSEND = YES;
				ENABLE_TESTABILITY = YES;
				ENABLE_USER_SCRIPT_SANDBOXING = YES;
				GCC_C_LANGUAGE_STANDARD = gnu17;
				GCC_DYNAMIC_NO_PIC = NO;
				GCC_NO_COMMON_BLOCKS = YES;
				GCC_OPTIMIZATION_LEVEL = 0;
				GCC_PREPROCESSOR_DEFINITIONS = (
					"DEBUG=1",
					"$(inherited)",
				);
				GCC_WARN_64_TO_32_BIT_CONVERSION = YES;
				GCC_WARN_ABOUT_RETURN_TYPE = YES_ERROR;
				GCC_WARN_UNDECLARED_SELECTOR = YES;
				GCC_WARN_UNINITIALIZED_AUTOS = YES_AGGRESSIVE;
				GCC_WARN_UNUSED_FUNCTION = YES;
				GCC_WARN_UNUSED_VARIABLE = YES;
				IPHONEOS_DEPLOYMENT_TARGET = 17.2;
				LOCALIZATION_PREFERS_STRING_CATALOGS = YES;
				MTL_ENABLE_DEBUG_INFO = INCLUDE_SOURCE;
				MTL_FAST_MATH = YES;
				ONLY_ACTIVE_ARCH = YES;
				SDKROOT = iphoneos;
				SWIFT_ACTIVE_COMPILATION_CONDITIONS = "DEBUG $(inherited)";
				SWIFT_OPTIMIZATION_LEVEL = "-Onone";
			};
			name = Debug;
		};
		229DAE142B952DD00018FCB4 /* Release */ = {
			isa = XCBuildConfiguration;
			buildSettings = {
				ALWAYS_SEARCH_USER_PATHS = NO;
				ASSETCATALOG_COMPILER_GENERATE_SWIFT_ASSET_SYMBOL_EXTENSIONS = YES;
				CLANG_ANALYZER_NONNULL = YES;
				CLANG_ANALYZER_NUMBER_OBJECT_CONVERSION = YES_AGGRESSIVE;
				CLANG_CXX_LANGUAGE_STANDARD = "gnu++20";
				CLANG_ENABLE_MODULES = YES;
				CLANG_ENABLE_OBJC_ARC = YES;
				CLANG_ENABLE_OBJC_WEAK = YES;
				CLANG_WARN_BLOCK_CAPTURE_AUTORELEASING = YES;
				CLANG_WARN_BOOL_CONVERSION = YES;
				CLANG_WARN_COMMA = YES;
				CLANG_WARN_CONSTANT_CONVERSION = YES;
				CLANG_WARN_DEPRECATED_OBJC_IMPLEMENTATIONS = YES;
				CLANG_WARN_DIRECT_OBJC_ISA_USAGE = YES_ERROR;
				CLANG_WARN_DOCUMENTATION_COMMENTS = YES;
				CLANG_WARN_EMPTY_BODY = YES;
				CLANG_WARN_ENUM_CONVERSION = YES;
				CLANG_WARN_INFINITE_RECURSION = YES;
				CLANG_WARN_INT_CONVERSION = YES;
				CLANG_WARN_NON_LITERAL_NULL_CONVERSION = YES;
				CLANG_WARN_OBJC_IMPLICIT_RETAIN_SELF = YES;
				CLANG_WARN_OBJC_LITERAL_CONVERSION = YES;
				CLANG_WARN_OBJC_ROOT_CLASS = YES_ERROR;
				CLANG_WARN_QUOTED_INCLUDE_IN_FRAMEWORK_HEADER = YES;
				CLANG_WARN_RANGE_LOOP_ANALYSIS = YES;
				CLANG_WARN_STRICT_PROTOTYPES = YES;
				CLANG_WARN_SUSPICIOUS_MOVE = YES;
				CLANG_WARN_UNGUARDED_AVAILABILITY = YES_AGGRESSIVE;
				CLANG_WARN_UNREACHABLE_CODE = YES;
				CLANG_WARN__DUPLICATE_METHOD_MATCH = YES;
				COPY_PHASE_STRIP = NO;
				DEBUG_INFORMATION_FORMAT = "dwarf-with-dsym";
				ENABLE_NS_ASSERTIONS = NO;
				ENABLE_STRICT_OBJC_MSGSEND = YES;
				ENABLE_USER_SCRIPT_SANDBOXING = YES;
				GCC_C_LANGUAGE_STANDARD = gnu17;
				GCC_NO_COMMON_BLOCKS = YES;
				GCC_WARN_64_TO_32_BIT_CONVERSION = YES;
				GCC_WARN_ABOUT_RETURN_TYPE = YES_ERROR;
				GCC_WARN_UNDECLARED_SELECTOR = YES;
				GCC_WARN_UNINITIALIZED_AUTOS = YES_AGGRESSIVE;
				GCC_WARN_UNUSED_FUNCTION = YES;
				GCC_WARN_UNUSED_VARIABLE = YES;
				IPHONEOS_DEPLOYMENT_TARGET = 17.2;
				LOCALIZATION_PREFERS_STRING_CATALOGS = YES;
				MTL_ENABLE_DEBUG_INFO = NO;
				MTL_FAST_MATH = YES;
				SDKROOT = iphoneos;
				SWIFT_COMPILATION_MODE = wholemodule;
				VALIDATE_PRODUCT = YES;
			};
			name = Release;
		};
		229DAE162B952DD00018FCB4 /* Debug */ = {
			isa = XCBuildConfiguration;
			buildSettings = {
				ASSETCATALOG_COMPILER_APPICON_NAME = AppIcon;
				ASSETCATALOG_COMPILER_GLOBAL_ACCENT_COLOR_NAME = AccentColor;
				ASSETCATALOG_COMPILER_INCLUDE_ALL_APPICON_ASSETS = YES;
				CODE_SIGN_STYLE = Automatic;
				CURRENT_PROJECT_VERSION = 1;
				DEVELOPMENT_ASSET_PATHS = "\"historic city tours/Preview Content\"";
				DEVELOPMENT_TEAM = 883GXF926S;
				ENABLE_PREVIEWS = YES;
				GENERATE_INFOPLIST_FILE = YES;
				INFOPLIST_FILE = "historic-city-tours-Info.plist";
				INFOPLIST_KEY_CFBundleDisplayName = "Historic City Tours";
				INFOPLIST_KEY_LSApplicationCategoryType = "public.app-category.navigation";
				INFOPLIST_KEY_NSLocationAlwaysAndWhenInUseUsageDescription = "Location Needed";
				INFOPLIST_KEY_NSLocationAlwaysUsageDescription = "Location Needed";
				INFOPLIST_KEY_NSLocationWhenInUseUsageDescription = "Location Needed";
				INFOPLIST_KEY_UIApplicationSceneManifest_Generation = YES;
				INFOPLIST_KEY_UIApplicationSupportsIndirectInputEvents = YES;
				INFOPLIST_KEY_UILaunchStoryboardName = "Launch Screen.storyboard";
				INFOPLIST_KEY_UIStatusBarStyle = "";
				INFOPLIST_KEY_UISupportedInterfaceOrientations = UIInterfaceOrientationPortrait;
				INFOPLIST_KEY_UISupportedInterfaceOrientations_iPad = "UIInterfaceOrientationLandscapeLeft UIInterfaceOrientationLandscapeRight UIInterfaceOrientationPortrait UIInterfaceOrientationPortraitUpsideDown";
				IPHONEOS_DEPLOYMENT_TARGET = 17.4;
				LD_RUNPATH_SEARCH_PATHS = (
					"$(inherited)",
					"@executable_path/Frameworks",
				);
				MARKETING_VERSION = 1.0;
				PRODUCT_BUNDLE_IDENTIFIER = "de.timbachmann.historic-city-tours";
				PRODUCT_NAME = "$(TARGET_NAME)";
				SWIFT_EMIT_LOC_STRINGS = YES;
				SWIFT_VERSION = 5.0;
				TARGETED_DEVICE_FAMILY = "1,2";
			};
			name = Debug;
		};
		229DAE172B952DD00018FCB4 /* Release */ = {
			isa = XCBuildConfiguration;
			buildSettings = {
				ASSETCATALOG_COMPILER_APPICON_NAME = AppIcon;
				ASSETCATALOG_COMPILER_GLOBAL_ACCENT_COLOR_NAME = AccentColor;
				ASSETCATALOG_COMPILER_INCLUDE_ALL_APPICON_ASSETS = YES;
				CODE_SIGN_STYLE = Automatic;
				CURRENT_PROJECT_VERSION = 1;
				DEVELOPMENT_ASSET_PATHS = "\"historic city tours/Preview Content\"";
				DEVELOPMENT_TEAM = 883GXF926S;
				ENABLE_PREVIEWS = YES;
				GENERATE_INFOPLIST_FILE = YES;
				INFOPLIST_FILE = "historic-city-tours-Info.plist";
				INFOPLIST_KEY_CFBundleDisplayName = "Historic City Tours";
				INFOPLIST_KEY_LSApplicationCategoryType = "public.app-category.navigation";
				INFOPLIST_KEY_NSLocationAlwaysAndWhenInUseUsageDescription = "Location Needed";
				INFOPLIST_KEY_NSLocationAlwaysUsageDescription = "Location Needed";
				INFOPLIST_KEY_NSLocationWhenInUseUsageDescription = "Location Needed";
				INFOPLIST_KEY_UIApplicationSceneManifest_Generation = YES;
				INFOPLIST_KEY_UIApplicationSupportsIndirectInputEvents = YES;
				INFOPLIST_KEY_UILaunchStoryboardName = "Launch Screen.storyboard";
				INFOPLIST_KEY_UIStatusBarStyle = "";
				INFOPLIST_KEY_UISupportedInterfaceOrientations = UIInterfaceOrientationPortrait;
				INFOPLIST_KEY_UISupportedInterfaceOrientations_iPad = "UIInterfaceOrientationLandscapeLeft UIInterfaceOrientationLandscapeRight UIInterfaceOrientationPortrait UIInterfaceOrientationPortraitUpsideDown";
				IPHONEOS_DEPLOYMENT_TARGET = 17.4;
				LD_RUNPATH_SEARCH_PATHS = (
					"$(inherited)",
					"@executable_path/Frameworks",
				);
				MARKETING_VERSION = 1.0;
				PRODUCT_BUNDLE_IDENTIFIER = "de.timbachmann.historic-city-tours";
				PRODUCT_NAME = "$(TARGET_NAME)";
				SWIFT_EMIT_LOC_STRINGS = YES;
				SWIFT_VERSION = 5.0;
				TARGETED_DEVICE_FAMILY = "1,2";
			};
			name = Release;
		};
/* End XCBuildConfiguration section */

/* Begin XCConfigurationList section */
		229DAE022B952DCF0018FCB4 /* Build configuration list for PBXProject "historic city tours" */ = {
			isa = XCConfigurationList;
			buildConfigurations = (
				229DAE132B952DD00018FCB4 /* Debug */,
				229DAE142B952DD00018FCB4 /* Release */,
			);
			defaultConfigurationIsVisible = 0;
			defaultConfigurationName = Release;
		};
		229DAE152B952DD00018FCB4 /* Build configuration list for PBXNativeTarget "historic city tours" */ = {
			isa = XCConfigurationList;
			buildConfigurations = (
				229DAE162B952DD00018FCB4 /* Debug */,
				229DAE172B952DD00018FCB4 /* Release */,
			);
			defaultConfigurationIsVisible = 0;
			defaultConfigurationName = Release;
		};
/* End XCConfigurationList section */

/* Begin XCLocalSwiftPackageReference section */
		22FB1B8C2BFB6FD1006D94F2 /* XCLocalSwiftPackageReference "OpenAPIClient" */ = {
			isa = XCLocalSwiftPackageReference;
			relativePath = OpenAPIClient;
		};
/* End XCLocalSwiftPackageReference section */

/* Begin XCSwiftPackageProductDependency section */
		22FB1B8D2BFB6FD1006D94F2 /* OpenAPIClient */ = {
			isa = XCSwiftPackageProductDependency;
			productName = OpenAPIClient;
		};
/* End XCSwiftPackageProductDependency section */
	};
	rootObject = 229DADFF2B952DCF0018FCB4 /* Project object */;
}
